// !$*UTF8*$!
{
	archiveVersion = 1;
	classes = {
	};
	objectVersion = 50;
	objects = {

/* Begin PBXBuildFile section */
		04664F8B226687BD0042B152 /* Constants.swift in Sources */ = {isa = PBXBuildFile; fileRef = 04664F8A226687BD0042B152 /* Constants.swift */; };
		04664F9022668B6E0042B152 /* DEMOMrJumpCourse.png in Resources */ = {isa = PBXBuildFile; fileRef = 04664F8C22668B6E0042B152 /* DEMOMrJumpCourse.png */; };
		04664F9122668B6E0042B152 /* DEMOMrJumpCourse@2x.png in Resources */ = {isa = PBXBuildFile; fileRef = 04664F8D22668B6E0042B152 /* DEMOMrJumpCourse@2x.png */; };
		04664F9222668B6E0042B152 /* DEMOMrJumpCourse.tmx in Resources */ = {isa = PBXBuildFile; fileRef = 04664F8E22668B6E0042B152 /* DEMOMrJumpCourse.tmx */; };
		04664F9322668B6E0042B152 /* DEMOMrJumpCourse@3x.png in Resources */ = {isa = PBXBuildFile; fileRef = 04664F8F22668B6E0042B152 /* DEMOMrJumpCourse@3x.png */; };
		04664F9A22668C0C0042B152 /* LFCGzipUtility.m in Sources */ = {isa = PBXBuildFile; fileRef = 04664F9622668C0B0042B152 /* LFCGzipUtility.m */; };
		04664F9B22668C0C0042B152 /* JSTileMap.m in Sources */ = {isa = PBXBuildFile; fileRef = 04664F9922668C0B0042B152 /* JSTileMap.m */; };
		04664F9F22668C8A0042B152 /* libz.tbd in Frameworks */ = {isa = PBXBuildFile; fileRef = 04664F9E22668C8A0042B152 /* libz.tbd */; };
		04D513432262A8970073038A /* AppDelegate.swift in Sources */ = {isa = PBXBuildFile; fileRef = 04D513422262A8970073038A /* AppDelegate.swift */; };
		04D513452262A8970073038A /* GameScene.sks in Resources */ = {isa = PBXBuildFile; fileRef = 04D513442262A8970073038A /* GameScene.sks */; };
		04D513472262A8970073038A /* Actions.sks in Resources */ = {isa = PBXBuildFile; fileRef = 04D513462262A8970073038A /* Actions.sks */; };
		04D513492262A8970073038A /* GameScene.swift in Sources */ = {isa = PBXBuildFile; fileRef = 04D513482262A8970073038A /* GameScene.swift */; };
		04D5134B2262A8970073038A /* GameViewController.swift in Sources */ = {isa = PBXBuildFile; fileRef = 04D5134A2262A8970073038A /* GameViewController.swift */; };
		04D5134E2262A8970073038A /* Main.storyboard in Resources */ = {isa = PBXBuildFile; fileRef = 04D5134C2262A8970073038A /* Main.storyboard */; };
		04D513502262A8970073038A /* Assets.xcassets in Resources */ = {isa = PBXBuildFile; fileRef = 04D5134F2262A8970073038A /* Assets.xcassets */; };
		04D513532262A8970073038A /* LaunchScreen.storyboard in Resources */ = {isa = PBXBuildFile; fileRef = 04D513512262A8970073038A /* LaunchScreen.storyboard */; };
		04D5135B2262AC560073038A /* LevelOne.swift in Sources */ = {isa = PBXBuildFile; fileRef = 04D5135A2262AC560073038A /* LevelOne.swift */; };
/* End PBXBuildFile section */

/* Begin PBXFileReference section */
		04664F8A226687BD0042B152 /* Constants.swift */ = {isa = PBXFileReference; lastKnownFileType = sourcecode.swift; path = Constants.swift; sourceTree = "<group>"; };
		04664F8C22668B6E0042B152 /* DEMOMrJumpCourse.png */ = {isa = PBXFileReference; lastKnownFileType = image.png; path = DEMOMrJumpCourse.png; sourceTree = "<group>"; };
		04664F8D22668B6E0042B152 /* DEMOMrJumpCourse@2x.png */ = {isa = PBXFileReference; lastKnownFileType = image.png; path = "DEMOMrJumpCourse@2x.png"; sourceTree = "<group>"; };
		04664F8E22668B6E0042B152 /* DEMOMrJumpCourse.tmx */ = {isa = PBXFileReference; fileEncoding = 4; lastKnownFileType = text.xml; path = DEMOMrJumpCourse.tmx; sourceTree = "<group>"; };
		04664F8F22668B6E0042B152 /* DEMOMrJumpCourse@3x.png */ = {isa = PBXFileReference; lastKnownFileType = image.png; path = "DEMOMrJumpCourse@3x.png"; sourceTree = "<group>"; };
		04664F9522668C0A0042B152 /* JumpMan-Bridging-Header.h */ = {isa = PBXFileReference; lastKnownFileType = sourcecode.c.h; path = "JumpMan-Bridging-Header.h"; sourceTree = "<group>"; };
		04664F9622668C0B0042B152 /* LFCGzipUtility.m */ = {isa = PBXFileReference; fileEncoding = 4; lastKnownFileType = sourcecode.c.objc; path = LFCGzipUtility.m; sourceTree = "<group>"; };
		04664F9722668C0B0042B152 /* JSTileMap.h */ = {isa = PBXFileReference; fileEncoding = 4; lastKnownFileType = sourcecode.c.h; path = JSTileMap.h; sourceTree = "<group>"; };
		04664F9822668C0B0042B152 /* LFCGzipUtility.h */ = {isa = PBXFileReference; fileEncoding = 4; lastKnownFileType = sourcecode.c.h; path = LFCGzipUtility.h; sourceTree = "<group>"; };
		04664F9922668C0B0042B152 /* JSTileMap.m */ = {isa = PBXFileReference; fileEncoding = 4; lastKnownFileType = sourcecode.c.objc; path = JSTileMap.m; sourceTree = "<group>"; };
		04664F9E22668C8A0042B152 /* libz.tbd */ = {isa = PBXFileReference; lastKnownFileType = "sourcecode.text-based-dylib-definition"; name = libz.tbd; path = usr/lib/libz.tbd; sourceTree = SDKROOT; };
		04D5133F2262A8970073038A /* JumpMan.app */ = {isa = PBXFileReference; explicitFileType = wrapper.application; includeInIndex = 0; path = JumpMan.app; sourceTree = BUILT_PRODUCTS_DIR; };
		04D513422262A8970073038A /* AppDelegate.swift */ = {isa = PBXFileReference; lastKnownFileType = sourcecode.swift; path = AppDelegate.swift; sourceTree = "<group>"; };
		04D513442262A8970073038A /* GameScene.sks */ = {isa = PBXFileReference; lastKnownFileType = file.sks; path = GameScene.sks; sourceTree = "<group>"; };
		04D513462262A8970073038A /* Actions.sks */ = {isa = PBXFileReference; lastKnownFileType = file.sks; path = Actions.sks; sourceTree = "<group>"; };
		04D513482262A8970073038A /* GameScene.swift */ = {isa = PBXFileReference; lastKnownFileType = sourcecode.swift; path = GameScene.swift; sourceTree = "<group>"; };
		04D5134A2262A8970073038A /* GameViewController.swift */ = {isa = PBXFileReference; lastKnownFileType = sourcecode.swift; path = GameViewController.swift; sourceTree = "<group>"; };
		04D5134D2262A8970073038A /* Base */ = {isa = PBXFileReference; lastKnownFileType = file.storyboard; name = Base; path = Base.lproj/Main.storyboard; sourceTree = "<group>"; };
		04D5134F2262A8970073038A /* Assets.xcassets */ = {isa = PBXFileReference; lastKnownFileType = folder.assetcatalog; path = Assets.xcassets; sourceTree = "<group>"; };
		04D513522262A8970073038A /* Base */ = {isa = PBXFileReference; lastKnownFileType = file.storyboard; name = Base; path = Base.lproj/LaunchScreen.storyboard; sourceTree = "<group>"; };
		04D513542262A8970073038A /* Info.plist */ = {isa = PBXFileReference; lastKnownFileType = text.plist.xml; path = Info.plist; sourceTree = "<group>"; };
		04D5135A2262AC560073038A /* LevelOne.swift */ = {isa = PBXFileReference; lastKnownFileType = sourcecode.swift; path = LevelOne.swift; sourceTree = "<group>"; };
/* End PBXFileReference section */

/* Begin PBXFrameworksBuildPhase section */
		04D5133C2262A8970073038A /* Frameworks */ = {
			isa = PBXFrameworksBuildPhase;
			buildActionMask = 2147483647;
			files = (
				04664F9F22668C8A0042B152 /* libz.tbd in Frameworks */,
			);
			runOnlyForDeploymentPostprocessing = 0;
		};
/* End PBXFrameworksBuildPhase section */

/* Begin PBXGroup section */
		04664F9422668B7D0042B152 /* Resources */ = {
			isa = PBXGroup;
			children = (
				04664F8C22668B6E0042B152 /* DEMOMrJumpCourse.png */,
				04664F8E22668B6E0042B152 /* DEMOMrJumpCourse.tmx */,
				04664F8D22668B6E0042B152 /* DEMOMrJumpCourse@2x.png */,
				04664F8F22668B6E0042B152 /* DEMOMrJumpCourse@3x.png */,
			);
			path = Resources;
			sourceTree = "<group>";
		};
		04664F9C22668C220042B152 /* JSTileMap */ = {
			isa = PBXGroup;
			children = (
				04664F9722668C0B0042B152 /* JSTileMap.h */,
				04664F9922668C0B0042B152 /* JSTileMap.m */,
				04664F9822668C0B0042B152 /* LFCGzipUtility.h */,
				04664F9622668C0B0042B152 /* LFCGzipUtility.m */,
			);
			path = JSTileMap;
			sourceTree = "<group>";
		};
		04664F9D22668C8A0042B152 /* Frameworks */ = {
			isa = PBXGroup;
			children = (
				04664F9E22668C8A0042B152 /* libz.tbd */,
			);
			name = Frameworks;
			sourceTree = "<group>";
		};
		04D513362262A8970073038A = {
			isa = PBXGroup;
			children = (
				04D513412262A8970073038A /* JumpMan */,
				04664F9D22668C8A0042B152 /* Frameworks */,
			);
			sourceTree = "<group>";
		};
		04D513402262A8970073038A /* Products */ = {
			isa = PBXGroup;
			children = (
				04D5133F2262A8970073038A /* JumpMan.app */,
			);
			name = Products;
			path = ..;
			sourceTree = "<group>";
		};
		04D513412262A8970073038A /* JumpMan */ = {
			isa = PBXGroup;
			children = (
				04D513422262A8970073038A /* AppDelegate.swift */,
				04D513442262A8970073038A /* GameScene.sks */,
				04D513462262A8970073038A /* Actions.sks */,
				04D513482262A8970073038A /* GameScene.swift */,
				04664F8A226687BD0042B152 /* Constants.swift */,
				04D5135A2262AC560073038A /* LevelOne.swift */,
				04D5134A2262A8970073038A /* GameViewController.swift */,
				04D5134C2262A8970073038A /* Main.storyboard */,
				04D5134F2262A8970073038A /* Assets.xcassets */,
				04D513512262A8970073038A /* LaunchScreen.storyboard */,
				04664F9422668B7D0042B152 /* Resources */,
				04664F9C22668C220042B152 /* JSTileMap */,
				04D513542262A8970073038A /* Info.plist */,
				04D513402262A8970073038A /* Products */,
				04664F9522668C0A0042B152 /* JumpMan-Bridging-Header.h */,
			);
			path = JumpMan;
			sourceTree = "<group>";
		};
/* End PBXGroup section */

/* Begin PBXNativeTarget section */
		04D5133E2262A8970073038A /* JumpMan */ = {
			isa = PBXNativeTarget;
			buildConfigurationList = 04D513572262A8970073038A /* Build configuration list for PBXNativeTarget "JumpMan" */;
			buildPhases = (
				04D5133B2262A8970073038A /* Sources */,
				04D5133C2262A8970073038A /* Frameworks */,
				04D5133D2262A8970073038A /* Resources */,
			);
			buildRules = (
			);
			dependencies = (
			);
			name = JumpMan;
			productName = JumpMan;
			productReference = 04D5133F2262A8970073038A /* JumpMan.app */;
			productType = "com.apple.product-type.application";
		};
/* End PBXNativeTarget section */

/* Begin PBXProject section */
		04D513372262A8970073038A /* Project object */ = {
			isa = PBXProject;
			attributes = {
				LastSwiftUpdateCheck = 1020;
				LastUpgradeCheck = 1020;
				ORGANIZATIONNAME = Deonte;
				TargetAttributes = {
					04D5133E2262A8970073038A = {
						CreatedOnToolsVersion = 10.2;
						LastSwiftMigration = 1020;
					};
				};
			};
			buildConfigurationList = 04D5133A2262A8970073038A /* Build configuration list for PBXProject "JumpMan" */;
			compatibilityVersion = "Xcode 9.3";
			developmentRegion = en;
			hasScannedForEncodings = 0;
			knownRegions = (
				en,
				Base,
			);
			mainGroup = 04D513362262A8970073038A;
			productRefGroup = 04D513402262A8970073038A /* Products */;
			projectDirPath = "";
			projectRoot = "";
			targets = (
				04D5133E2262A8970073038A /* JumpMan */,
			);
		};
/* End PBXProject section */

/* Begin PBXResourcesBuildPhase section */
		04D5133D2262A8970073038A /* Resources */ = {
			isa = PBXResourcesBuildPhase;
			buildActionMask = 2147483647;
			files = (
				04664F9322668B6E0042B152 /* DEMOMrJumpCourse@3x.png in Resources */,
				04D5134E2262A8970073038A /* Main.storyboard in Resources */,
				04D513452262A8970073038A /* GameScene.sks in Resources */,
				04D513502262A8970073038A /* Assets.xcassets in Resources */,
				04D513532262A8970073038A /* LaunchScreen.storyboard in Resources */,
				04664F9222668B6E0042B152 /* DEMOMrJumpCourse.tmx in Resources */,
				04664F9122668B6E0042B152 /* DEMOMrJumpCourse@2x.png in Resources */,
				04664F9022668B6E0042B152 /* DEMOMrJumpCourse.png in Resources */,
				04D513472262A8970073038A /* Actions.sks in Resources */,
			);
			runOnlyForDeploymentPostprocessing = 0;
		};
/* End PBXResourcesBuildPhase section */

/* Begin PBXSourcesBuildPhase section */
		04D5133B2262A8970073038A /* Sources */ = {
			isa = PBXSourcesBuildPhase;
			buildActionMask = 2147483647;
			files = (
				04664F8B226687BD0042B152 /* Constants.swift in Sources */,
				04D513492262A8970073038A /* GameScene.swift in Sources */,
				04D5134B2262A8970073038A /* GameViewController.swift in Sources */,
				04664F9B22668C0C0042B152 /* JSTileMap.m in Sources */,
				04D513432262A8970073038A /* AppDelegate.swift in Sources */,
				04664F9A22668C0C0042B152 /* LFCGzipUtility.m in Sources */,
				04D5135B2262AC560073038A /* LevelOne.swift in Sources */,
			);
			runOnlyForDeploymentPostprocessing = 0;
		};
/* End PBXSourcesBuildPhase section */

/* Begin PBXVariantGroup section */
		04D5134C2262A8970073038A /* Main.storyboard */ = {
			isa = PBXVariantGroup;
			children = (
				04D5134D2262A8970073038A /* Base */,
			);
			name = Main.storyboard;
			sourceTree = "<group>";
		};
		04D513512262A8970073038A /* LaunchScreen.storyboard */ = {
			isa = PBXVariantGroup;
			children = (
				04D513522262A8970073038A /* Base */,
			);
			name = LaunchScreen.storyboard;
			sourceTree = "<group>";
		};
/* End PBXVariantGroup section */

/* Begin XCBuildConfiguration section */
		04D513552262A8970073038A /* Debug */ = {
			isa = XCBuildConfiguration;
			buildSettings = {
				ALWAYS_SEARCH_USER_PATHS = NO;
				CLANG_ANALYZER_NONNULL = YES;
				CLANG_ANALYZER_NUMBER_OBJECT_CONVERSION = YES_AGGRESSIVE;
				CLANG_CXX_LANGUAGE_STANDARD = "gnu++14";
				CLANG_CXX_LIBRARY = "libc++";
				CLANG_ENABLE_MODULES = YES;
				CLANG_ENABLE_OBJC_ARC = YES;
				CLANG_ENABLE_OBJC_WEAK = YES;
				CLANG_WARN_BLOCK_CAPTURE_AUTORELEASING = YES;
				CLANG_WARN_BOOL_CONVERSION = YES;
				CLANG_WARN_COMMA = YES;
				CLANG_WARN_CONSTANT_CONVERSION = YES;
				CLANG_WARN_DEPRECATED_OBJC_IMPLEMENTATIONS = YES;
				CLANG_WARN_DIRECT_OBJC_ISA_USAGE = YES_ERROR;
				CLANG_WARN_DOCUMENTATION_COMMENTS = YES;
				CLANG_WARN_EMPTY_BODY = YES;
				CLANG_WARN_ENUM_CONVERSION = YES;
				CLANG_WARN_INFINITE_RECURSION = YES;
				CLANG_WARN_INT_CONVERSION = YES;
				CLANG_WARN_NON_LITERAL_NULL_CONVERSION = YES;
				CLANG_WARN_OBJC_IMPLICIT_RETAIN_SELF = YES;
				CLANG_WARN_OBJC_LITERAL_CONVERSION = YES;
				CLANG_WARN_OBJC_ROOT_CLASS = YES_ERROR;
				CLANG_WARN_RANGE_LOOP_ANALYSIS = YES;
				CLANG_WARN_STRICT_PROTOTYPES = YES;
				CLANG_WARN_SUSPICIOUS_MOVE = YES;
				CLANG_WARN_UNGUARDED_AVAILABILITY = YES_AGGRESSIVE;
				CLANG_WARN_UNREACHABLE_CODE = YES;
				CLANG_WARN__DUPLICATE_METHOD_MATCH = YES;
				CODE_SIGN_IDENTITY = "iPhone Developer";
				COPY_PHASE_STRIP = NO;
				DEBUG_INFORMATION_FORMAT = dwarf;
				ENABLE_STRICT_OBJC_MSGSEND = YES;
				ENABLE_TESTABILITY = YES;
				GCC_C_LANGUAGE_STANDARD = gnu11;
				GCC_DYNAMIC_NO_PIC = NO;
				GCC_NO_COMMON_BLOCKS = YES;
				GCC_OPTIMIZATION_LEVEL = 0;
				GCC_PREPROCESSOR_DEFINITIONS = (
					"DEBUG=1",
					"$(inherited)",
				);
				GCC_WARN_64_TO_32_BIT_CONVERSION = YES;
				GCC_WARN_ABOUT_RETURN_TYPE = YES_ERROR;
				GCC_WARN_UNDECLARED_SELECTOR = YES;
				GCC_WARN_UNINITIALIZED_AUTOS = YES_AGGRESSIVE;
				GCC_WARN_UNUSED_FUNCTION = YES;
				GCC_WARN_UNUSED_VARIABLE = YES;
				IPHONEOS_DEPLOYMENT_TARGET = 12.2;
				MTL_ENABLE_DEBUG_INFO = INCLUDE_SOURCE;
				MTL_FAST_MATH = YES;
				ONLY_ACTIVE_ARCH = YES;
				SDKROOT = iphoneos;
				SWIFT_ACTIVE_COMPILATION_CONDITIONS = DEBUG;
				SWIFT_OPTIMIZATION_LEVEL = "-Onone";
			};
			name = Debug;
		};
		04D513562262A8970073038A /* Release */ = {
			isa = XCBuildConfiguration;
			buildSettings = {
				ALWAYS_SEARCH_USER_PATHS = NO;
				CLANG_ANALYZER_NONNULL = YES;
				CLANG_ANALYZER_NUMBER_OBJECT_CONVERSION = YES_AGGRESSIVE;
				CLANG_CXX_LANGUAGE_STANDARD = "gnu++14";
				CLANG_CXX_LIBRARY = "libc++";
				CLANG_ENABLE_MODULES = YES;
				CLANG_ENABLE_OBJC_ARC = YES;
				CLANG_ENABLE_OBJC_WEAK = YES;
				CLANG_WARN_BLOCK_CAPTURE_AUTORELEASING = YES;
				CLANG_WARN_BOOL_CONVERSION = YES;
				CLANG_WARN_COMMA = YES;
				CLANG_WARN_CONSTANT_CONVERSION = YES;
				CLANG_WARN_DEPRECATED_OBJC_IMPLEMENTATIONS = YES;
				CLANG_WARN_DIRECT_OBJC_ISA_USAGE = YES_ERROR;
				CLANG_WARN_DOCUMENTATION_COMMENTS = YES;
				CLANG_WARN_EMPTY_BODY = YES;
				CLANG_WARN_ENUM_CONVERSION = YES;
				CLANG_WARN_INFINITE_RECURSION = YES;
				CLANG_WARN_INT_CONVERSION = YES;
				CLANG_WARN_NON_LITERAL_NULL_CONVERSION = YES;
				CLANG_WARN_OBJC_IMPLICIT_RETAIN_SELF = YES;
				CLANG_WARN_OBJC_LITERAL_CONVERSION = YES;
				CLANG_WARN_OBJC_ROOT_CLASS = YES_ERROR;
				CLANG_WARN_RANGE_LOOP_ANALYSIS = YES;
				CLANG_WARN_STRICT_PROTOTYPES = YES;
				CLANG_WARN_SUSPICIOUS_MOVE = YES;
				CLANG_WARN_UNGUARDED_AVAILABILITY = YES_AGGRESSIVE;
				CLANG_WARN_UNREACHABLE_CODE = YES;
				CLANG_WARN__DUPLICATE_METHOD_MATCH = YES;
				CODE_SIGN_IDENTITY = "iPhone Developer";
				COPY_PHASE_STRIP = NO;
				DEBUG_INFORMATION_FORMAT = "dwarf-with-dsym";
				ENABLE_NS_ASSERTIONS = NO;
				ENABLE_STRICT_OBJC_MSGSEND = YES;
				GCC_C_LANGUAGE_STANDARD = gnu11;
				GCC_NO_COMMON_BLOCKS = YES;
				GCC_WARN_64_TO_32_BIT_CONVERSION = YES;
				GCC_WARN_ABOUT_RETURN_TYPE = YES_ERROR;
				GCC_WARN_UNDECLARED_SELECTOR = YES;
				GCC_WARN_UNINITIALIZED_AUTOS = YES_AGGRESSIVE;
				GCC_WARN_UNUSED_FUNCTION = YES;
				GCC_WARN_UNUSED_VARIABLE = YES;
				IPHONEOS_DEPLOYMENT_TARGET = 12.2;
				MTL_ENABLE_DEBUG_INFO = NO;
				MTL_FAST_MATH = YES;
				SDKROOT = iphoneos;
				SWIFT_COMPILATION_MODE = wholemodule;
				SWIFT_OPTIMIZATION_LEVEL = "-O";
				VALIDATE_PRODUCT = YES;
			};
			name = Release;
		};
		04D513582262A8970073038A /* Debug */ = {
			isa = XCBuildConfiguration;
			buildSettings = {
				ASSETCATALOG_COMPILER_APPICON_NAME = AppIcon;
				CLANG_ENABLE_MODULES = YES;
				CODE_SIGN_STYLE = Automatic;
				DEVELOPMENT_TEAM = 848C2FNJZC;
				INFOPLIST_FILE = JumpMan/Info.plist;
				LD_RUNPATH_SEARCH_PATHS = (
					"$(inherited)",
					"@executable_path/Frameworks",
				);
				PRODUCT_BUNDLE_IDENTIFIER = com.deonte.JumpMan;
				PRODUCT_NAME = "$(TARGET_NAME)";
				SWIFT_OBJC_BRIDGING_HEADER = "JumpMan/JumpMan-Bridging-Header.h";
				SWIFT_OPTIMIZATION_LEVEL = "-Onone";
				SWIFT_VERSION = 5.0;
				TARGETED_DEVICE_FAMILY = "1,2";
			};
			name = Debug;
		};
		04D513592262A8970073038A /* Release */ = {
			isa = XCBuildConfiguration;
			buildSettings = {
				ASSETCATALOG_COMPILER_APPICON_NAME = AppIcon;
				CLANG_ENABLE_MODULES = YES;
				CODE_SIGN_STYLE = Automatic;
				DEVELOPMENT_TEAM = 848C2FNJZC;
				INFOPLIST_FILE = JumpMan/Info.plist;
				LD_RUNPATH_SEARCH_PATHS = (
					"$(inherited)",
					"@executable_path/Frameworks",
				);
				PRODUCT_BUNDLE_IDENTIFIER = com.deonte.JumpMan;
				PRODUCT_NAME = "$(TARGET_NAME)";
				SWIFT_OBJC_BRIDGING_HEADER = "JumpMan/JumpMan-Bridging-Header.h";
				SWIFT_VERSION = 5.0;
				TARGETED_DEVICE_FAMILY = "1,2";
			};
			name = Release;
		};
/* End XCBuildConfiguration section */

/* Begin XCConfigurationList section */
		04D5133A2262A8970073038A /* Build configuration list for PBXProject "JumpMan" */ = {
			isa = XCConfigurationList;
			buildConfigurations = (
				04D513552262A8970073038A /* Debug */,
				04D513562262A8970073038A /* Release */,
			);
			defaultConfigurationIsVisible = 0;
			defaultConfigurationName = Release;
		};
		04D513572262A8970073038A /* Build configuration list for PBXNativeTarget "JumpMan" */ = {
			isa = XCConfigurationList;
			buildConfigurations = (
				04D513582262A8970073038A /* Debug */,
				04D513592262A8970073038A /* Release */,
			);
			defaultConfigurationIsVisible = 0;
			defaultConfigurationName = Release;
		};
/* End XCConfigurationList section */
	};
	rootObject = 04D513372262A8970073038A /* Project object */;
}
